
Microsoft Visual Studio Solution File, Format Version 12.00
# Visual Studio Version 17
VisualStudioVersion = 17.8.34330.188
MinimumVisualStudioVersion = 10.0.40219.1
Project("{9A19103F-16F7-4668-BE54-9A1E7A4F7556}") = "Demo1", "Demo1\Demo1.csproj", "{9E455ADE-6918-4E22-9585-8854432544A3}"
EndProject
Project("{9A19103F-16F7-4668-BE54-9A1E7A4F7556}") = "Demo2", "Demo2\Demo2.csproj", "{8F9D1DD1-DED5-407E-A320-C07267ECFB16}"
EndProject
Project("{FAE04EC0-301F-11D3-BF4B-00C04F79EFBC}") = "Demo3", "Demo3\Demo3.csproj", "{17235414-48A0-4567-AA2E-4FE0FA395661}"
EndProject
Global
	GlobalSection(SolutionConfigurationPlatforms) = preSolution
		Debug|Any CPU = Debug|Any CPU
		Release|Any CPU = Release|Any CPU
	EndGlobalSection
	GlobalSection(ProjectConfigurationPlatforms) = postSolution
		{9E455ADE-6918-4E22-9585-8854432544A3}.Debug|Any CPU.ActiveCfg = Debug|Any CPU
		{9E455ADE-6918-4E22-9585-8854432544A3}.Debug|Any CPU.Build.0 = Debug|Any CPU
		{9E455ADE-6918-4E22-9585-8854432544A3}.Release|Any CPU.ActiveCfg = Release|Any CPU
		{9E455ADE-6918-4E22-9585-8854432544A3}.Release|Any CPU.Build.0 = Release|Any CPU
		{8F9D1DD1-DED5-407E-A320-C07267ECFB16}.Debug|Any CPU.ActiveCfg = Debug|Any CPU
		{8F9D1DD1-DED5-407E-A320-C07267ECFB16}.Debug|Any CPU.Build.0 = Debug|Any CPU
		{8F9D1DD1-DED5-407E-A320-C07267ECFB16}.Release|Any CPU.ActiveCfg = Release|Any CPU
		{8F9D1DD1-DED5-407E-A320-C07267ECFB16}.Release|Any CPU.Build.0 = Release|Any CPU
		{17235414-48A0-4567-AA2E-4FE0FA395661}.Debug|Any CPU.ActiveCfg = Debug|Any CPU
		{17235414-48A0-4567-AA2E-4FE0FA395661}.Debug|Any CPU.Build.0 = Debug|Any CPU
		{17235414-48A0-4567-AA2E-4FE0FA395661}.Release|Any CPU.ActiveCfg = Release|Any CPU
		{17235414-48A0-4567-AA2E-4FE0FA395661}.Release|Any CPU.Build.0 = Release|Any CPU
	EndGlobalSection
	GlobalSection(SolutionProperties) = preSolution
		HideSolutionNode = FALSE
	EndGlobalSection
	GlobalSection(ExtensibilityGlobals) = postSolution
		SolutionGuid = {DEAF7FCC-FFC9-4355-A7EE-B8346CC85AC8}
	EndGlobalSection
EndGlobal
