
Microsoft Visual Studio Solution File, Format Version 12.00
# Visual Studio Version 17
VisualStudioVersion = 17.7.34221.43
MinimumVisualStudioVersion = 10.0.40219.1
Project("{FAE04EC0-301F-11D3-BF4B-00C04F79EFBC}") = "Day4Task", "Day4Task\Day4Task.csproj", "{37344555-4311-4583-BD3D-A9F3B72BF817}"
EndProject
Global
	GlobalSection(SolutionConfigurationPlatforms) = preSolution
		Debug|Any CPU = Debug|Any CPU
		Release|Any CPU = Release|Any CPU
	EndGlobalSection
	GlobalSection(ProjectConfigurationPlatforms) = postSolution
		{37344555-4311-4583-BD3D-A9F3B72BF817}.Debug|Any CPU.ActiveCfg = Debug|Any CPU
		{37344555-4311-4583-BD3D-A9F3B72BF817}.Debug|Any CPU.Build.0 = Debug|Any CPU
		{37344555-4311-4583-BD3D-A9F3B72BF817}.Release|Any CPU.ActiveCfg = Release|Any CPU
		{37344555-4311-4583-BD3D-A9F3B72BF817}.Release|Any CPU.Build.0 = Release|Any CPU
	EndGlobalSection
	GlobalSection(SolutionProperties) = preSolution
		HideSolutionNode = FALSE
	EndGlobalSection
	GlobalSection(ExtensibilityGlobals) = postSolution
		SolutionGuid = {DF4DD44A-B211-4151-A156-ACE357E13BBB}
	EndGlobalSection
EndGlobal
